
Microsoft Visual Studio Solution File, Format Version 12.00
# Visual Studio 15
VisualStudioVersion = 15.0.28307.852
MinimumVisualStudioVersion = 10.0.40219.1
Project("{8BC9CEB8-8B4A-11D0-8D11-00A0C91BC942}") = "중간고사 때까지 쓸 프로젝트", "중간고사 때까지 쓸 프로젝트\중간고사 때까지 쓸 프로젝트.vcxproj", "{6F30EE0A-F97C-4CC6-8633-1732868B85A6}"
EndProject
Project("{8BC9CEB8-8B4A-11D0-8D11-00A0C91BC942}") = "1장.자료구조복습", "1장.자료구조복습\1장.자료구조복습.vcxproj", "{B9CD5A07-8481-4768-910A-06F56E0FDF9A}"
EndProject
Global
	GlobalSection(SolutionConfigurationPlatforms) = preSolution
		Debug|x64 = Debug|x64
		Debug|x86 = Debug|x86
		Release|x64 = Release|x64
		Release|x86 = Release|x86
	EndGlobalSection
	GlobalSection(ProjectConfigurationPlatforms) = postSolution
		{6F30EE0A-F97C-4CC6-8633-1732868B85A6}.Debug|x64.ActiveCfg = Debug|x64
		{6F30EE0A-F97C-4CC6-8633-1732868B85A6}.Debug|x64.Build.0 = Debug|x64
		{6F30EE0A-F97C-4CC6-8633-1732868B85A6}.Debug|x86.ActiveCfg = Debug|Win32
		{6F30EE0A-F97C-4CC6-8633-1732868B85A6}.Debug|x86.Build.0 = Debug|Win32
		{6F30EE0A-F97C-4CC6-8633-1732868B85A6}.Release|x64.ActiveCfg = Release|x64
		{6F30EE0A-F97C-4CC6-8633-1732868B85A6}.Release|x64.Build.0 = Release|x64
		{6F30EE0A-F97C-4CC6-8633-1732868B85A6}.Release|x86.ActiveCfg = Release|Win32
		{6F30EE0A-F97C-4CC6-8633-1732868B85A6}.Release|x86.Build.0 = Release|Win32
		{B9CD5A07-8481-4768-910A-06F56E0FDF9A}.Debug|x64.ActiveCfg = Debug|x64
		{B9CD5A07-8481-4768-910A-06F56E0FDF9A}.Debug|x64.Build.0 = Debug|x64
		{B9CD5A07-8481-4768-910A-06F56E0FDF9A}.Debug|x86.ActiveCfg = Debug|Win32
		{B9CD5A07-8481-4768-910A-06F56E0FDF9A}.Debug|x86.Build.0 = Debug|Win32
		{B9CD5A07-8481-4768-910A-06F56E0FDF9A}.Release|x64.ActiveCfg = Release|x64
		{B9CD5A07-8481-4768-910A-06F56E0FDF9A}.Release|x64.Build.0 = Release|x64
		{B9CD5A07-8481-4768-910A-06F56E0FDF9A}.Release|x86.ActiveCfg = Release|Win32
		{B9CD5A07-8481-4768-910A-06F56E0FDF9A}.Release|x86.Build.0 = Release|Win32
	EndGlobalSection
	GlobalSection(SolutionProperties) = preSolution
		HideSolutionNode = FALSE
	EndGlobalSection
	GlobalSection(ExtensibilityGlobals) = postSolution
		SolutionGuid = {E0C6C76C-5989-416B-9CC9-DFAB75F41649}
	EndGlobalSection
EndGlobal
